
Microsoft Visual Studio Solution File, Format Version 12.00
# Visual Studio Version 17
VisualStudioVersion = 17.14.36121.58
MinimumVisualStudioVersion = 10.0.40219.1
Project("{FAE04EC0-301F-11D3-BF4B-00C04F79EFBC}") = "FlightBookingSystem.App", "src\FlightBookingSystem.App\FlightBookingSystem.App.csproj", "{5E661D86-6F38-489A-86D9-6A6EE335DF87}"
EndProject
Project("{FAE04EC0-301F-11D3-BF4B-00C04F79EFBC}") = "FlightBookingSystem.Application", "src\FlightBookingSystem.Application\FlightBookingSystem.Application.csproj", "{AC17D229-EDEA-4815-909C-4BBD8F3A6055}"
EndProject
Project("{FAE04EC0-301F-11D3-BF4B-00C04F79EFBC}") = "FlightBookingSystem.Domain", "src\FlightBookingSystem.Domain\FlightBookingSystem.Domain.csproj", "{FE7AF3D2-A1C9-4C14-BE7B-F61B9EBC1DD3}"
EndProject
Project("{FAE04EC0-301F-11D3-BF4B-00C04F79EFBC}") = "FlightBookingSystem.Infrastructure", "src\FlightBookingSystem.Infrastructure\FlightBookingSystem.Infrastructure.csproj", "{F3FFAF9B-D63A-4921-95C2-FEF985CFB780}"
EndProject
Global
	GlobalSection(SolutionConfigurationPlatforms) = preSolution
		Debug|Any CPU = Debug|Any CPU
		Release|Any CPU = Release|Any CPU
	EndGlobalSection
	GlobalSection(ProjectConfigurationPlatforms) = postSolution
		{5E661D86-6F38-489A-86D9-6A6EE335DF87}.Debug|Any CPU.ActiveCfg = Debug|Any CPU
		{5E661D86-6F38-489A-86D9-6A6EE335DF87}.Debug|Any CPU.Build.0 = Debug|Any CPU
		{5E661D86-6F38-489A-86D9-6A6EE335DF87}.Release|Any CPU.ActiveCfg = Release|Any CPU
		{5E661D86-6F38-489A-86D9-6A6EE335DF87}.Release|Any CPU.Build.0 = Release|Any CPU
		{AC17D229-EDEA-4815-909C-4BBD8F3A6055}.Debug|Any CPU.ActiveCfg = Debug|Any CPU
		{AC17D229-EDEA-4815-909C-4BBD8F3A6055}.Debug|Any CPU.Build.0 = Debug|Any CPU
		{AC17D229-EDEA-4815-909C-4BBD8F3A6055}.Release|Any CPU.ActiveCfg = Release|Any CPU
		{AC17D229-EDEA-4815-909C-4BBD8F3A6055}.Release|Any CPU.Build.0 = Release|Any CPU
		{FE7AF3D2-A1C9-4C14-BE7B-F61B9EBC1DD3}.Debug|Any CPU.ActiveCfg = Debug|Any CPU
		{FE7AF3D2-A1C9-4C14-BE7B-F61B9EBC1DD3}.Debug|Any CPU.Build.0 = Debug|Any CPU
		{FE7AF3D2-A1C9-4C14-BE7B-F61B9EBC1DD3}.Release|Any CPU.ActiveCfg = Release|Any CPU
		{FE7AF3D2-A1C9-4C14-BE7B-F61B9EBC1DD3}.Release|Any CPU.Build.0 = Release|Any CPU
		{F3FFAF9B-D63A-4921-95C2-FEF985CFB780}.Debug|Any CPU.ActiveCfg = Debug|Any CPU
		{F3FFAF9B-D63A-4921-95C2-FEF985CFB780}.Debug|Any CPU.Build.0 = Debug|Any CPU
		{F3FFAF9B-D63A-4921-95C2-FEF985CFB780}.Release|Any CPU.ActiveCfg = Release|Any CPU
		{F3FFAF9B-D63A-4921-95C2-FEF985CFB780}.Release|Any CPU.Build.0 = Release|Any CPU
	EndGlobalSection
	GlobalSection(SolutionProperties) = preSolution
		HideSolutionNode = FALSE
	EndGlobalSection
	GlobalSection(ExtensibilityGlobals) = postSolution
		SolutionGuid = {90AEC29B-71A0-4AFD-916B-E03CF1C5F739}
	EndGlobalSection
EndGlobal
